// !$*UTF8*$!
{
	archiveVersion = 1;
	classes = {
	};
	objectVersion = 46;
	objects = {

/* Begin PBXBuildFile section */
		1293024A1AF7659B00A4AA83 /* Agent.cpp in Sources */ = {isa = PBXBuildFile; fileRef = 129302041AF7659B00A4AA83 /* Agent.cpp */; };
		1293024B1AF7659B00A4AA83 /* CouzinAgent.cpp in Sources */ = {isa = PBXBuildFile; fileRef = 129302071AF7659B00A4AA83 /* CouzinAgent.cpp */; };
		1293024C1AF7659B00A4AA83 /* CouzinDipole.cpp in Sources */ = {isa = PBXBuildFile; fileRef = 129302091AF7659B00A4AA83 /* CouzinDipole.cpp */; };
		1293024D1AF7659B00A4AA83 /* SmartyDodger.cpp in Sources */ = {isa = PBXBuildFile; fileRef = 1293020D1AF7659B00A4AA83 /* SmartyDodger.cpp */; };
		1293024E1AF7659B00A4AA83 /* SmartySelfAvoider.cpp in Sources */ = {isa = PBXBuildFile; fileRef = 1293020F1AF7659B00A4AA83 /* SmartySelfAvoider.cpp */; };
		1293024F1AF7659B00A4AA83 /* SmartySwarmer.cpp in Sources */ = {isa = PBXBuildFile; fileRef = 129302111AF7659B00A4AA83 /* SmartySwarmer.cpp */; };
		129302501AF7659B00A4AA83 /* Network.cpp in Sources */ = {isa = PBXBuildFile; fileRef = 129302171AF7659B00A4AA83 /* Network.cpp */; };
		129302511AF7659B00A4AA83 /* WaveletNet.cpp in Sources */ = {isa = PBXBuildFile; fileRef = 129302191AF7659B00A4AA83 /* WaveletNet.cpp */; };
		129302531AF7659B00A4AA83 /* ArgumentParser.cpp in Sources */ = {isa = PBXBuildFile; fileRef = 1293021D1AF7659B00A4AA83 /* ArgumentParser.cpp */; };
		129302541AF7659B00A4AA83 /* CouzinDipoleEnvironment.cpp in Sources */ = {isa = PBXBuildFile; fileRef = 129302211AF7659B00A4AA83 /* CouzinDipoleEnvironment.cpp */; };
		129302551AF7659B00A4AA83 /* CouzinEnvironment.cpp in Sources */ = {isa = PBXBuildFile; fileRef = 129302231AF7659B00A4AA83 /* CouzinEnvironment.cpp */; };
		129302561AF7659B00A4AA83 /* DodgerEnvironment.cpp in Sources */ = {isa = PBXBuildFile; fileRef = 129302251AF7659B00A4AA83 /* DodgerEnvironment.cpp */; };
		129302571AF7659B00A4AA83 /* PotentialFluidEnvironment.cpp in Sources */ = {isa = PBXBuildFile; fileRef = 129302281AF7659B00A4AA83 /* PotentialFluidEnvironment.cpp */; };
		129302581AF7659B00A4AA83 /* SelfAvoidEnvironment.cpp in Sources */ = {isa = PBXBuildFile; fileRef = 1293022A1AF7659B00A4AA83 /* SelfAvoidEnvironment.cpp */; };
		129302591AF7659B00A4AA83 /* SwarmEnvironment.cpp in Sources */ = {isa = PBXBuildFile; fileRef = 1293022C1AF7659B00A4AA83 /* SwarmEnvironment.cpp */; };
		1293025A1AF7659B00A4AA83 /* QLearning.cpp in Sources */ = {isa = PBXBuildFile; fileRef = 129302311AF7659B00A4AA83 /* QLearning.cpp */; };
		1293025B1AF7659B00A4AA83 /* main.cpp in Sources */ = {isa = PBXBuildFile; fileRef = 129302331AF7659B00A4AA83 /* main.cpp */; };
		1293025D1AF7659B00A4AA83 /* ObjectFactory.cpp in Sources */ = {isa = PBXBuildFile; fileRef = 129302381AF7659B00A4AA83 /* ObjectFactory.cpp */; };
		1293025E1AF7659B00A4AA83 /* PF_SwarmCylinders.cpp in Sources */ = {isa = PBXBuildFile; fileRef = 1293023A1AF7659B00A4AA83 /* PF_SwarmCylinders.cpp */; };
		1293025F1AF7659B00A4AA83 /* MultiTable.cpp in Sources */ = {isa = PBXBuildFile; fileRef = 1293023D1AF7659B00A4AA83 /* MultiTable.cpp */; };
		129302601AF7659B00A4AA83 /* rng.cpp in Sources */ = {isa = PBXBuildFile; fileRef = 129302401AF7659B00A4AA83 /* rng.cpp */; };
		129302611AF7659B00A4AA83 /* Saver.cpp in Sources */ = {isa = PBXBuildFile; fileRef = 129302441AF7659B00A4AA83 /* Saver.cpp */; };
		129302621AF7659B00A4AA83 /* StateAction.cpp in Sources */ = {isa = PBXBuildFile; fileRef = 129302481AF7659B00A4AA83 /* StateAction.cpp */; };
		129302651AF7995100A4AA83 /* Profiler.cpp in Sources */ = {isa = PBXBuildFile; fileRef = 129302631AF7995100A4AA83 /* Profiler.cpp */; };
/* End PBXBuildFile section */

/* Begin PBXCopyFilesBuildPhase section */
		129301961AF7655200A4AA83 /* CopyFiles */ = {
			isa = PBXCopyFilesBuildPhase;
			buildActionMask = 2147483647;
			dstPath = /usr/share/man/man1/;
			dstSubfolderSpec = 0;
			files = (
			);
			runOnlyForDeploymentPostprocessing = 1;
		};
/* End PBXCopyFilesBuildPhase section */

/* Begin PBXFileReference section */
		129301981AF7655200A4AA83 /* smarties */ = {isa = PBXFileReference; explicitFileType = "compiled.mach-o.executable"; includeInIndex = 0; path = smarties; sourceTree = BUILT_PRODUCTS_DIR; };
		129302041AF7659B00A4AA83 /* Agent.cpp */ = {isa = PBXFileReference; fileEncoding = 4; lastKnownFileType = sourcecode.cpp.cpp; path = Agent.cpp; sourceTree = "<group>"; };
		129302051AF7659B00A4AA83 /* Agent.h */ = {isa = PBXFileReference; fileEncoding = 4; lastKnownFileType = sourcecode.c.h; path = Agent.h; sourceTree = "<group>"; };
		129302061AF7659B00A4AA83 /* CircularWall.h */ = {isa = PBXFileReference; fileEncoding = 4; lastKnownFileType = sourcecode.c.h; path = CircularWall.h; sourceTree = "<group>"; };
		129302071AF7659B00A4AA83 /* CouzinAgent.cpp */ = {isa = PBXFileReference; fileEncoding = 4; lastKnownFileType = sourcecode.cpp.cpp; path = CouzinAgent.cpp; sourceTree = "<group>"; };
		129302081AF7659B00A4AA83 /* CouzinAgent.h */ = {isa = PBXFileReference; fileEncoding = 4; lastKnownFileType = sourcecode.c.h; path = CouzinAgent.h; sourceTree = "<group>"; };
		129302091AF7659B00A4AA83 /* CouzinDipole.cpp */ = {isa = PBXFileReference; fileEncoding = 4; lastKnownFileType = sourcecode.cpp.cpp; path = CouzinDipole.cpp; sourceTree = "<group>"; };
		1293020A1AF7659B00A4AA83 /* CouzinDipole.h */ = {isa = PBXFileReference; fileEncoding = 4; lastKnownFileType = sourcecode.c.h; path = CouzinDipole.h; sourceTree = "<group>"; };
		1293020B1AF7659B00A4AA83 /* DynamicColumn.h */ = {isa = PBXFileReference; fileEncoding = 4; lastKnownFileType = sourcecode.c.h; path = DynamicColumn.h; sourceTree = "<group>"; };
		1293020C1AF7659B00A4AA83 /* FluidAgent.h */ = {isa = PBXFileReference; fileEncoding = 4; lastKnownFileType = sourcecode.c.h; path = FluidAgent.h; sourceTree = "<group>"; };
		1293020D1AF7659B00A4AA83 /* SmartyDodger.cpp */ = {isa = PBXFileReference; fileEncoding = 4; lastKnownFileType = sourcecode.cpp.cpp; path = SmartyDodger.cpp; sourceTree = "<group>"; };
		1293020E1AF7659B00A4AA83 /* SmartyDodger.h */ = {isa = PBXFileReference; fileEncoding = 4; lastKnownFileType = sourcecode.c.h; path = SmartyDodger.h; sourceTree = "<group>"; };
		1293020F1AF7659B00A4AA83 /* SmartySelfAvoider.cpp */ = {isa = PBXFileReference; fileEncoding = 4; lastKnownFileType = sourcecode.cpp.cpp; path = SmartySelfAvoider.cpp; sourceTree = "<group>"; };
		129302101AF7659B00A4AA83 /* SmartySelfAvoider.h */ = {isa = PBXFileReference; fileEncoding = 4; lastKnownFileType = sourcecode.c.h; path = SmartySelfAvoider.h; sourceTree = "<group>"; };
		129302111AF7659B00A4AA83 /* SmartySwarmer.cpp */ = {isa = PBXFileReference; fileEncoding = 4; lastKnownFileType = sourcecode.cpp.cpp; path = SmartySwarmer.cpp; sourceTree = "<group>"; };
		129302121AF7659B00A4AA83 /* SmartySwarmer.h */ = {isa = PBXFileReference; fileEncoding = 4; lastKnownFileType = sourcecode.c.h; path = SmartySwarmer.h; sourceTree = "<group>"; };
		129302131AF7659B00A4AA83 /* AllAgents.h */ = {isa = PBXFileReference; fileEncoding = 4; lastKnownFileType = sourcecode.c.h; name = AllAgents.h; path = ../../source/AllAgents.h; sourceTree = "<group>"; };
		129302141AF7659B00A4AA83 /* AllSystems.h */ = {isa = PBXFileReference; fileEncoding = 4; lastKnownFileType = sourcecode.c.h; name = AllSystems.h; path = ../../source/AllSystems.h; sourceTree = "<group>"; };
		129302161AF7659B00A4AA83 /* Approximator.h */ = {isa = PBXFileReference; fileEncoding = 4; lastKnownFileType = sourcecode.c.h; path = Approximator.h; sourceTree = "<group>"; };
		129302171AF7659B00A4AA83 /* Network.cpp */ = {isa = PBXFileReference; fileEncoding = 4; lastKnownFileType = sourcecode.cpp.cpp; path = Network.cpp; sourceTree = "<group>"; };
		129302181AF7659B00A4AA83 /* Network.h */ = {isa = PBXFileReference; fileEncoding = 4; lastKnownFileType = sourcecode.c.h; path = Network.h; sourceTree = "<group>"; };
		129302191AF7659B00A4AA83 /* WaveletNet.cpp */ = {isa = PBXFileReference; fileEncoding = 4; lastKnownFileType = sourcecode.cpp.cpp; path = WaveletNet.cpp; sourceTree = "<group>"; };
		1293021A1AF7659B00A4AA83 /* WaveletNet.h */ = {isa = PBXFileReference; fileEncoding = 4; lastKnownFileType = sourcecode.c.h; path = WaveletNet.h; sourceTree = "<group>"; };
		1293021C1AF7659B00A4AA83 /* anntest.cpp */ = {isa = PBXFileReference; fileEncoding = 4; lastKnownFileType = sourcecode.cpp.cpp; path = anntest.cpp; sourceTree = "<group>"; };
		1293021D1AF7659B00A4AA83 /* ArgumentParser.cpp */ = {isa = PBXFileReference; fileEncoding = 4; lastKnownFileType = sourcecode.cpp.cpp; name = ArgumentParser.cpp; path = ../../source/ArgumentParser.cpp; sourceTree = "<group>"; };
		1293021E1AF7659B00A4AA83 /* ArgumentParser.h */ = {isa = PBXFileReference; fileEncoding = 4; lastKnownFileType = sourcecode.c.h; name = ArgumentParser.h; path = ../../source/ArgumentParser.h; sourceTree = "<group>"; };
		129302201AF7659B00A4AA83 /* CellList.h */ = {isa = PBXFileReference; fileEncoding = 4; lastKnownFileType = sourcecode.c.h; path = CellList.h; sourceTree = "<group>"; };
		129302211AF7659B00A4AA83 /* CouzinDipoleEnvironment.cpp */ = {isa = PBXFileReference; fileEncoding = 4; lastKnownFileType = sourcecode.cpp.cpp; path = CouzinDipoleEnvironment.cpp; sourceTree = "<group>"; };
		129302221AF7659B00A4AA83 /* CouzinDipoleEnvironment.h */ = {isa = PBXFileReference; fileEncoding = 4; lastKnownFileType = sourcecode.c.h; path = CouzinDipoleEnvironment.h; sourceTree = "<group>"; };
		129302231AF7659B00A4AA83 /* CouzinEnvironment.cpp */ = {isa = PBXFileReference; fileEncoding = 4; lastKnownFileType = sourcecode.cpp.cpp; path = CouzinEnvironment.cpp; sourceTree = "<group>"; };
		129302241AF7659B00A4AA83 /* CouzinEnvironment.h */ = {isa = PBXFileReference; fileEncoding = 4; lastKnownFileType = sourcecode.c.h; path = CouzinEnvironment.h; sourceTree = "<group>"; };
		129302251AF7659B00A4AA83 /* DodgerEnvironment.cpp */ = {isa = PBXFileReference; fileEncoding = 4; lastKnownFileType = sourcecode.cpp.cpp; path = DodgerEnvironment.cpp; sourceTree = "<group>"; };
		129302261AF7659B00A4AA83 /* DodgerEnvironment.h */ = {isa = PBXFileReference; fileEncoding = 4; lastKnownFileType = sourcecode.c.h; path = DodgerEnvironment.h; sourceTree = "<group>"; };
		129302271AF7659B00A4AA83 /* Environment.h */ = {isa = PBXFileReference; fileEncoding = 4; lastKnownFileType = sourcecode.c.h; path = Environment.h; sourceTree = "<group>"; };
		129302281AF7659B00A4AA83 /* PotentialFluidEnvironment.cpp */ = {isa = PBXFileReference; fileEncoding = 4; lastKnownFileType = sourcecode.cpp.cpp; path = PotentialFluidEnvironment.cpp; sourceTree = "<group>"; };
		129302291AF7659B00A4AA83 /* PotentialFluidEnvironment.h */ = {isa = PBXFileReference; fileEncoding = 4; lastKnownFileType = sourcecode.c.h; path = PotentialFluidEnvironment.h; sourceTree = "<group>"; };
		1293022A1AF7659B00A4AA83 /* SelfAvoidEnvironment.cpp */ = {isa = PBXFileReference; fileEncoding = 4; lastKnownFileType = sourcecode.cpp.cpp; path = SelfAvoidEnvironment.cpp; sourceTree = "<group>"; };
		1293022B1AF7659B00A4AA83 /* SelfAvoidEnvironment.h */ = {isa = PBXFileReference; fileEncoding = 4; lastKnownFileType = sourcecode.c.h; path = SelfAvoidEnvironment.h; sourceTree = "<group>"; };
		1293022C1AF7659B00A4AA83 /* SwarmEnvironment.cpp */ = {isa = PBXFileReference; fileEncoding = 4; lastKnownFileType = sourcecode.cpp.cpp; path = SwarmEnvironment.cpp; sourceTree = "<group>"; };
		1293022D1AF7659B00A4AA83 /* SwarmEnvironment.h */ = {isa = PBXFileReference; fileEncoding = 4; lastKnownFileType = sourcecode.c.h; path = SwarmEnvironment.h; sourceTree = "<group>"; };
		1293022E1AF7659B00A4AA83 /* ErrorHandling.h */ = {isa = PBXFileReference; fileEncoding = 4; lastKnownFileType = sourcecode.c.h; name = ErrorHandling.h; path = ../../source/ErrorHandling.h; sourceTree = "<group>"; };
		129302301AF7659B00A4AA83 /* Learner.h */ = {isa = PBXFileReference; fileEncoding = 4; lastKnownFileType = sourcecode.c.h; path = Learner.h; sourceTree = "<group>"; };
		129302311AF7659B00A4AA83 /* QLearning.cpp */ = {isa = PBXFileReference; fileEncoding = 4; lastKnownFileType = sourcecode.cpp.cpp; path = QLearning.cpp; sourceTree = "<group>"; };
		129302321AF7659B00A4AA83 /* QLearning.h */ = {isa = PBXFileReference; fileEncoding = 4; lastKnownFileType = sourcecode.c.h; path = QLearning.h; sourceTree = "<group>"; };
		129302331AF7659B00A4AA83 /* main.cpp */ = {isa = PBXFileReference; fileEncoding = 4; lastKnownFileType = sourcecode.cpp.cpp; name = main.cpp; path = ../../source/main.cpp; sourceTree = "<group>"; };
		129302341AF7659B00A4AA83 /* Misc.h */ = {isa = PBXFileReference; fileEncoding = 4; lastKnownFileType = sourcecode.c.h; name = Misc.h; path = ../../source/Misc.h; sourceTree = "<group>"; };
		129302381AF7659B00A4AA83 /* ObjectFactory.cpp */ = {isa = PBXFileReference; fileEncoding = 4; lastKnownFileType = sourcecode.cpp.cpp; name = ObjectFactory.cpp; path = ../../source/ObjectFactory.cpp; sourceTree = "<group>"; };
		129302391AF7659B00A4AA83 /* ObjectFactory.h */ = {isa = PBXFileReference; fileEncoding = 4; lastKnownFileType = sourcecode.c.h; name = ObjectFactory.h; path = ../../source/ObjectFactory.h; sourceTree = "<group>"; };
		1293023A1AF7659B00A4AA83 /* PF_SwarmCylinders.cpp */ = {isa = PBXFileReference; fileEncoding = 4; lastKnownFileType = sourcecode.cpp.cpp; name = PF_SwarmCylinders.cpp; path = ../../source/PF_SwarmCylinders.cpp; sourceTree = "<group>"; };
		1293023B1AF7659B00A4AA83 /* PF_SwarmCylinders.h */ = {isa = PBXFileReference; fileEncoding = 4; lastKnownFileType = sourcecode.c.h; name = PF_SwarmCylinders.h; path = ../../source/PF_SwarmCylinders.h; sourceTree = "<group>"; };
		1293023D1AF7659B00A4AA83 /* MultiTable.cpp */ = {isa = PBXFileReference; fileEncoding = 4; lastKnownFileType = sourcecode.cpp.cpp; path = MultiTable.cpp; sourceTree = "<group>"; };
		1293023E1AF7659B00A4AA83 /* MultiTable.h */ = {isa = PBXFileReference; fileEncoding = 4; lastKnownFileType = sourcecode.c.h; path = MultiTable.h; sourceTree = "<group>"; };
		1293023F1AF7659B00A4AA83 /* QApproximator.h */ = {isa = PBXFileReference; fileEncoding = 4; lastKnownFileType = sourcecode.c.h; path = QApproximator.h; sourceTree = "<group>"; };
		129302401AF7659B00A4AA83 /* rng.cpp */ = {isa = PBXFileReference; fileEncoding = 4; lastKnownFileType = sourcecode.cpp.cpp; name = rng.cpp; path = ../../source/rng.cpp; sourceTree = "<group>"; };
		129302411AF7659B00A4AA83 /* rng.h */ = {isa = PBXFileReference; fileEncoding = 4; lastKnownFileType = sourcecode.c.h; name = rng.h; path = ../../source/rng.h; sourceTree = "<group>"; };
		129302431AF7659B00A4AA83 /* AllSavers.h */ = {isa = PBXFileReference; fileEncoding = 4; lastKnownFileType = sourcecode.c.h; path = AllSavers.h; sourceTree = "<group>"; };
		129302441AF7659B00A4AA83 /* Saver.cpp */ = {isa = PBXFileReference; fileEncoding = 4; lastKnownFileType = sourcecode.cpp.cpp; path = Saver.cpp; sourceTree = "<group>"; };
		129302451AF7659B00A4AA83 /* Saver.h */ = {isa = PBXFileReference; fileEncoding = 4; lastKnownFileType = sourcecode.c.h; path = Saver.h; sourceTree = "<group>"; };
		129302461AF7659B00A4AA83 /* Screenshot.h */ = {isa = PBXFileReference; fileEncoding = 4; lastKnownFileType = sourcecode.c.h; name = Screenshot.h; path = ../../source/Screenshot.h; sourceTree = "<group>"; };
		129302471AF7659B00A4AA83 /* Settings.h */ = {isa = PBXFileReference; fileEncoding = 4; lastKnownFileType = sourcecode.c.h; name = Settings.h; path = ../../source/Settings.h; sourceTree = "<group>"; };
		129302481AF7659B00A4AA83 /* StateAction.cpp */ = {isa = PBXFileReference; fileEncoding = 4; lastKnownFileType = sourcecode.cpp.cpp; name = StateAction.cpp; path = ../../source/StateAction.cpp; sourceTree = "<group>"; };
		129302491AF7659B00A4AA83 /* StateAction.h */ = {isa = PBXFileReference; fileEncoding = 4; lastKnownFileType = sourcecode.c.h; name = StateAction.h; path = ../../source/StateAction.h; sourceTree = "<group>"; };
		129302631AF7995100A4AA83 /* Profiler.cpp */ = {isa = PBXFileReference; fileEncoding = 4; lastKnownFileType = sourcecode.cpp.cpp; name = Profiler.cpp; path = ../../source/Profiler.cpp; sourceTree = "<group>"; };
		129302641AF7995100A4AA83 /* Profiler.h */ = {isa = PBXFileReference; fileEncoding = 4; lastKnownFileType = sourcecode.c.h; name = Profiler.h; path = ../../source/Profiler.h; sourceTree = "<group>"; };
		129302661AF7998900A4AA83 /* timer.h */ = {isa = PBXFileReference; lastKnownFileType = sourcecode.c.h; name = timer.h; path = ../../source/timer.h; sourceTree = "<group>"; };
/* End PBXFileReference section */

/* Begin PBXFrameworksBuildPhase section */
		129301951AF7655200A4AA83 /* Frameworks */ = {
			isa = PBXFrameworksBuildPhase;
			buildActionMask = 2147483647;
			files = (
			);
			runOnlyForDeploymentPostprocessing = 0;
		};
/* End PBXFrameworksBuildPhase section */

/* Begin PBXGroup section */
		1293018F1AF7655200A4AA83 = {
			isa = PBXGroup;
			children = (
				1293019A1AF7655200A4AA83 /* smarties */,
				129301991AF7655200A4AA83 /* Products */,
			);
			sourceTree = "<group>";
		};
		129301991AF7655200A4AA83 /* Products */ = {
			isa = PBXGroup;
			children = (
				129301981AF7655200A4AA83 /* smarties */,
			);
			name = Products;
			sourceTree = "<group>";
		};
		1293019A1AF7655200A4AA83 /* smarties */ = {
			isa = PBXGroup;
			children = (
				129302031AF7659B00A4AA83 /* Agents */,
				129302131AF7659B00A4AA83 /* AllAgents.h */,
				129302141AF7659B00A4AA83 /* AllSystems.h */,
				129302151AF7659B00A4AA83 /* ANN */,
				1293021B1AF7659B00A4AA83 /* ANNTests */,
				1293021D1AF7659B00A4AA83 /* ArgumentParser.cpp */,
				1293021E1AF7659B00A4AA83 /* ArgumentParser.h */,
				1293021F1AF7659B00A4AA83 /* Environments */,
				1293022E1AF7659B00A4AA83 /* ErrorHandling.h */,
				1293022F1AF7659B00A4AA83 /* Learners */,
				129302331AF7659B00A4AA83 /* main.cpp */,
				129302341AF7659B00A4AA83 /* Misc.h */,
				129302381AF7659B00A4AA83 /* ObjectFactory.cpp */,
				129302391AF7659B00A4AA83 /* ObjectFactory.h */,
				129302631AF7995100A4AA83 /* Profiler.cpp */,
				129302641AF7995100A4AA83 /* Profiler.h */,
				1293023A1AF7659B00A4AA83 /* PF_SwarmCylinders.cpp */,
				1293023B1AF7659B00A4AA83 /* PF_SwarmCylinders.h */,
				1293023C1AF7659B00A4AA83 /* QApproximators */,
				129302401AF7659B00A4AA83 /* rng.cpp */,
				129302411AF7659B00A4AA83 /* rng.h */,
				129302421AF7659B00A4AA83 /* Savers */,
				129302461AF7659B00A4AA83 /* Screenshot.h */,
				129302471AF7659B00A4AA83 /* Settings.h */,
				129302481AF7659B00A4AA83 /* StateAction.cpp */,
				129302491AF7659B00A4AA83 /* StateAction.h */,
				129302661AF7998900A4AA83 /* timer.h */,
			);
			path = smarties;
			sourceTree = "<group>";
		};
		129302031AF7659B00A4AA83 /* Agents */ = {
			isa = PBXGroup;
			children = (
				129302041AF7659B00A4AA83 /* Agent.cpp */,
				129302051AF7659B00A4AA83 /* Agent.h */,
				129302061AF7659B00A4AA83 /* CircularWall.h */,
				129302071AF7659B00A4AA83 /* CouzinAgent.cpp */,
				129302081AF7659B00A4AA83 /* CouzinAgent.h */,
				129302091AF7659B00A4AA83 /* CouzinDipole.cpp */,
				1293020A1AF7659B00A4AA83 /* CouzinDipole.h */,
				1293020B1AF7659B00A4AA83 /* DynamicColumn.h */,
				1293020C1AF7659B00A4AA83 /* FluidAgent.h */,
				1293020D1AF7659B00A4AA83 /* SmartyDodger.cpp */,
				1293020E1AF7659B00A4AA83 /* SmartyDodger.h */,
				1293020F1AF7659B00A4AA83 /* SmartySelfAvoider.cpp */,
				129302101AF7659B00A4AA83 /* SmartySelfAvoider.h */,
				129302111AF7659B00A4AA83 /* SmartySwarmer.cpp */,
				129302121AF7659B00A4AA83 /* SmartySwarmer.h */,
			);
			name = Agents;
			path = ../../source/Agents;
			sourceTree = "<group>";
		};
		129302151AF7659B00A4AA83 /* ANN */ = {
			isa = PBXGroup;
			children = (
				129302161AF7659B00A4AA83 /* Approximator.h */,
				129302171AF7659B00A4AA83 /* Network.cpp */,
				129302181AF7659B00A4AA83 /* Network.h */,
				129302191AF7659B00A4AA83 /* WaveletNet.cpp */,
				1293021A1AF7659B00A4AA83 /* WaveletNet.h */,
			);
			name = ANN;
			path = ../../source/ANN;
			sourceTree = "<group>";
		};
		1293021B1AF7659B00A4AA83 /* ANNTests */ = {
			isa = PBXGroup;
			children = (
				1293021C1AF7659B00A4AA83 /* anntest.cpp */,
			);
			name = ANNTests;
			path = ../../source/ANNTests;
			sourceTree = "<group>";
		};
		1293021F1AF7659B00A4AA83 /* Environments */ = {
			isa = PBXGroup;
			children = (
				129302201AF7659B00A4AA83 /* CellList.h */,
				129302211AF7659B00A4AA83 /* CouzinDipoleEnvironment.cpp */,
				129302221AF7659B00A4AA83 /* CouzinDipoleEnvironment.h */,
				129302231AF7659B00A4AA83 /* CouzinEnvironment.cpp */,
				129302241AF7659B00A4AA83 /* CouzinEnvironment.h */,
				129302251AF7659B00A4AA83 /* DodgerEnvironment.cpp */,
				129302261AF7659B00A4AA83 /* DodgerEnvironment.h */,
				129302271AF7659B00A4AA83 /* Environment.h */,
				129302281AF7659B00A4AA83 /* PotentialFluidEnvironment.cpp */,
				129302291AF7659B00A4AA83 /* PotentialFluidEnvironment.h */,
				1293022A1AF7659B00A4AA83 /* SelfAvoidEnvironment.cpp */,
				1293022B1AF7659B00A4AA83 /* SelfAvoidEnvironment.h */,
				1293022C1AF7659B00A4AA83 /* SwarmEnvironment.cpp */,
				1293022D1AF7659B00A4AA83 /* SwarmEnvironment.h */,
			);
			name = Environments;
			path = ../../source/Environments;
			sourceTree = "<group>";
		};
		1293022F1AF7659B00A4AA83 /* Learners */ = {
			isa = PBXGroup;
			children = (
				129302301AF7659B00A4AA83 /* Learner.h */,
				129302311AF7659B00A4AA83 /* QLearning.cpp */,
				129302321AF7659B00A4AA83 /* QLearning.h */,
			);
			name = Learners;
			path = ../../source/Learners;
			sourceTree = "<group>";
		};
		1293023C1AF7659B00A4AA83 /* QApproximators */ = {
			isa = PBXGroup;
			children = (
				1293023D1AF7659B00A4AA83 /* MultiTable.cpp */,
				1293023E1AF7659B00A4AA83 /* MultiTable.h */,
				1293023F1AF7659B00A4AA83 /* QApproximator.h */,
			);
			name = QApproximators;
			path = ../../source/QApproximators;
			sourceTree = "<group>";
		};
		129302421AF7659B00A4AA83 /* Savers */ = {
			isa = PBXGroup;
			children = (
				129302431AF7659B00A4AA83 /* AllSavers.h */,
				129302441AF7659B00A4AA83 /* Saver.cpp */,
				129302451AF7659B00A4AA83 /* Saver.h */,
			);
			name = Savers;
			path = ../../source/Savers;
			sourceTree = "<group>";
		};
/* End PBXGroup section */

/* Begin PBXNativeTarget section */
		129301971AF7655200A4AA83 /* smarties */ = {
			isa = PBXNativeTarget;
			buildConfigurationList = 1293019F1AF7655200A4AA83 /* Build configuration list for PBXNativeTarget "smarties" */;
			buildPhases = (
				129301941AF7655200A4AA83 /* Sources */,
				129301951AF7655200A4AA83 /* Frameworks */,
				129301961AF7655200A4AA83 /* CopyFiles */,
			);
			buildRules = (
			);
			dependencies = (
			);
			name = smarties;
			productName = smarties;
			productReference = 129301981AF7655200A4AA83 /* smarties */;
			productType = "com.apple.product-type.tool";
		};
/* End PBXNativeTarget section */

/* Begin PBXProject section */
		129301901AF7655200A4AA83 /* Project object */ = {
			isa = PBXProject;
			attributes = {
				LastUpgradeCheck = 0630;
				ORGANIZATIONNAME = "Dmitry Alexeev";
				TargetAttributes = {
					129301971AF7655200A4AA83 = {
						CreatedOnToolsVersion = 6.3.1;
					};
				};
			};
			buildConfigurationList = 129301931AF7655200A4AA83 /* Build configuration list for PBXProject "smarties" */;
			compatibilityVersion = "Xcode 3.2";
			developmentRegion = English;
			hasScannedForEncodings = 0;
			knownRegions = (
				en,
			);
			mainGroup = 1293018F1AF7655200A4AA83;
			productRefGroup = 129301991AF7655200A4AA83 /* Products */;
			projectDirPath = "";
			projectRoot = "";
			targets = (
				129301971AF7655200A4AA83 /* smarties */,
			);
		};
/* End PBXProject section */

/* Begin PBXSourcesBuildPhase section */
		129301941AF7655200A4AA83 /* Sources */ = {
			isa = PBXSourcesBuildPhase;
			buildActionMask = 2147483647;
			files = (
				1293024E1AF7659B00A4AA83 /* SmartySelfAvoider.cpp in Sources */,
				1293024A1AF7659B00A4AA83 /* Agent.cpp in Sources */,
				1293025B1AF7659B00A4AA83 /* main.cpp in Sources */,
				129302611AF7659B00A4AA83 /* Saver.cpp in Sources */,
				129302651AF7995100A4AA83 /* Profiler.cpp in Sources */,
				129302601AF7659B00A4AA83 /* rng.cpp in Sources */,
				1293025E1AF7659B00A4AA83 /* PF_SwarmCylinders.cpp in Sources */,
				129302541AF7659B00A4AA83 /* CouzinDipoleEnvironment.cpp in Sources */,
				129302551AF7659B00A4AA83 /* CouzinEnvironment.cpp in Sources */,
				129302591AF7659B00A4AA83 /* SwarmEnvironment.cpp in Sources */,
				1293024C1AF7659B00A4AA83 /* CouzinDipole.cpp in Sources */,
				1293025F1AF7659B00A4AA83 /* MultiTable.cpp in Sources */,
				1293025A1AF7659B00A4AA83 /* QLearning.cpp in Sources */,
				129302621AF7659B00A4AA83 /* StateAction.cpp in Sources */,
				1293024F1AF7659B00A4AA83 /* SmartySwarmer.cpp in Sources */,
				129302571AF7659B00A4AA83 /* PotentialFluidEnvironment.cpp in Sources */,
				1293024D1AF7659B00A4AA83 /* SmartyDodger.cpp in Sources */,
				1293025D1AF7659B00A4AA83 /* ObjectFactory.cpp in Sources */,
				129302501AF7659B00A4AA83 /* Network.cpp in Sources */,
				129302511AF7659B00A4AA83 /* WaveletNet.cpp in Sources */,
				1293024B1AF7659B00A4AA83 /* CouzinAgent.cpp in Sources */,
				129302561AF7659B00A4AA83 /* DodgerEnvironment.cpp in Sources */,
				129302581AF7659B00A4AA83 /* SelfAvoidEnvironment.cpp in Sources */,
				129302531AF7659B00A4AA83 /* ArgumentParser.cpp in Sources */,
			);
			runOnlyForDeploymentPostprocessing = 0;
		};
/* End PBXSourcesBuildPhase section */

/* Begin XCBuildConfiguration section */
		1293019D1AF7655200A4AA83 /* Debug */ = {
			isa = XCBuildConfiguration;
			buildSettings = {
				ALWAYS_SEARCH_USER_PATHS = NO;
				CLANG_CXX_LANGUAGE_STANDARD = "gnu++0x";
				CLANG_CXX_LIBRARY = "libc++";
				CLANG_ENABLE_MODULES = YES;
				CLANG_ENABLE_OBJC_ARC = YES;
				CLANG_WARN_BOOL_CONVERSION = YES;
				CLANG_WARN_CONSTANT_CONVERSION = YES;
				CLANG_WARN_DIRECT_OBJC_ISA_USAGE = YES_ERROR;
				CLANG_WARN_EMPTY_BODY = YES;
				CLANG_WARN_ENUM_CONVERSION = YES;
				CLANG_WARN_INT_CONVERSION = YES;
				CLANG_WARN_OBJC_ROOT_CLASS = YES_ERROR;
				CLANG_WARN_UNREACHABLE_CODE = YES;
				CLANG_WARN__DUPLICATE_METHOD_MATCH = YES;
				COPY_PHASE_STRIP = NO;
				DEBUG_INFORMATION_FORMAT = dwarf;
				ENABLE_STRICT_OBJC_MSGSEND = YES;
				GCC_C_LANGUAGE_STANDARD = "compiler-default";
				GCC_DYNAMIC_NO_PIC = NO;
				GCC_NO_COMMON_BLOCKS = YES;
				GCC_OPTIMIZATION_LEVEL = 0;
				GCC_PREPROCESSOR_DEFINITIONS = (
					"DEBUG=1",
					"$(inherited)",
				);
				GCC_SYMBOLS_PRIVATE_EXTERN = NO;
				GCC_WARN_64_TO_32_BIT_CONVERSION = YES;
				GCC_WARN_ABOUT_RETURN_TYPE = YES_ERROR;
				GCC_WARN_UNDECLARED_SELECTOR = YES;
				GCC_WARN_UNINITIALIZED_AUTOS = YES_AGGRESSIVE;
				GCC_WARN_UNUSED_FUNCTION = YES;
				GCC_WARN_UNUSED_VARIABLE = YES;
				HEADER_SEARCH_PATHS = (
					"$(inherited)",
					/Applications/Xcode.app/Contents/Developer/Toolchains/XcodeDefault.xctoolchain/usr/include,
					/usr/local/Cellar/armadillo/4.600.2/include,
				);
				LIBRARY_SEARCH_PATHS = /usr/local/Cellar/armadillo/4.600.2/lib;
				MACOSX_DEPLOYMENT_TARGET = 10.10;
				MTL_ENABLE_DEBUG_INFO = YES;
				ONLY_ACTIVE_ARCH = YES;
				OTHER_LDFLAGS = "-larmadillo";
				SDKROOT = macosx;
			};
			name = Debug;
		};
		1293019E1AF7655200A4AA83 /* Release */ = {
			isa = XCBuildConfiguration;
			buildSettings = {
				ALWAYS_SEARCH_USER_PATHS = NO;
				CLANG_CXX_LANGUAGE_STANDARD = "gnu++0x";
				CLANG_CXX_LIBRARY = "libc++";
				CLANG_ENABLE_MODULES = YES;
				CLANG_ENABLE_OBJC_ARC = YES;
				CLANG_WARN_BOOL_CONVERSION = YES;
				CLANG_WARN_CONSTANT_CONVERSION = YES;
				CLANG_WARN_DIRECT_OBJC_ISA_USAGE = YES_ERROR;
				CLANG_WARN_EMPTY_BODY = YES;
				CLANG_WARN_ENUM_CONVERSION = YES;
				CLANG_WARN_INT_CONVERSION = YES;
				CLANG_WARN_OBJC_ROOT_CLASS = YES_ERROR;
				CLANG_WARN_UNREACHABLE_CODE = YES;
				CLANG_WARN__DUPLICATE_METHOD_MATCH = YES;
				COPY_PHASE_STRIP = NO;
				DEBUG_INFORMATION_FORMAT = "dwarf-with-dsym";
				ENABLE_NS_ASSERTIONS = NO;
				ENABLE_STRICT_OBJC_MSGSEND = YES;
				GCC_C_LANGUAGE_STANDARD = "compiler-default";
				GCC_NO_COMMON_BLOCKS = YES;
				GCC_OPTIMIZATION_LEVEL = fast;
				GCC_WARN_64_TO_32_BIT_CONVERSION = YES;
				GCC_WARN_ABOUT_RETURN_TYPE = YES_ERROR;
				GCC_WARN_UNDECLARED_SELECTOR = YES;
				GCC_WARN_UNINITIALIZED_AUTOS = YES_AGGRESSIVE;
				GCC_WARN_UNUSED_FUNCTION = YES;
				GCC_WARN_UNUSED_VARIABLE = YES;
				HEADER_SEARCH_PATHS = (
					"$(inherited)",
					/Applications/Xcode.app/Contents/Developer/Toolchains/XcodeDefault.xctoolchain/usr/include,
					/usr/local/Cellar/armadillo/4.600.2/include,
				);
				LIBRARY_SEARCH_PATHS = /usr/local/Cellar/armadillo/4.600.2/lib;
				MACOSX_DEPLOYMENT_TARGET = 10.10;
				MTL_ENABLE_DEBUG_INFO = NO;
				OTHER_LDFLAGS = "-larmadillo";
				SDKROOT = macosx;
			};
			name = Release;
		};
		129301A01AF7655200A4AA83 /* Debug */ = {
			isa = XCBuildConfiguration;
			buildSettings = {
				PRODUCT_NAME = "$(TARGET_NAME)";
			};
			name = Debug;
		};
		129301A11AF7655200A4AA83 /* Release */ = {
			isa = XCBuildConfiguration;
			buildSettings = {
				PRODUCT_NAME = "$(TARGET_NAME)";
			};
			name = Release;
		};
/* End XCBuildConfiguration section */

/* Begin XCConfigurationList section */
		129301931AF7655200A4AA83 /* Build configuration list for PBXProject "smarties" */ = {
			isa = XCConfigurationList;
			buildConfigurations = (
				1293019D1AF7655200A4AA83 /* Debug */,
				1293019E1AF7655200A4AA83 /* Release */,
			);
			defaultConfigurationIsVisible = 0;
			defaultConfigurationName = Release;
		};
		1293019F1AF7655200A4AA83 /* Build configuration list for PBXNativeTarget "smarties" */ = {
			isa = XCConfigurationList;
			buildConfigurations = (
				129301A01AF7655200A4AA83 /* Debug */,
				129301A11AF7655200A4AA83 /* Release */,
			);
			defaultConfigurationIsVisible = 0;
		};
/* End XCConfigurationList section */
	};
	rootObject = 129301901AF7655200A4AA83 /* Project object */;
}
